
Microsoft Visual Studio Solution File, Format Version 10.00
# Visual Studio 2008
Project("{FAE04EC0-301F-11D3-BF4B-00C04F79EFBC}") = "Decaf", "Decaf\Decaf.csproj", "{F791ED9E-FB91-4D16-BE34-60D94D922602}"
EndProject
Project("{FAE04EC0-301F-11D3-BF4B-00C04F79EFBC}") = "Decaf.Tests", "Decaf.Tests\Decaf.Tests.csproj", "{8884EB70-902D-4A8E-A151-F5957C4BEFE8}"
EndProject
Global
	GlobalSection(SolutionConfigurationPlatforms) = preSolution
		Debug|Any CPU = Debug|Any CPU
		Release|Any CPU = Release|Any CPU
	EndGlobalSection
	GlobalSection(ProjectConfigurationPlatforms) = postSolution
		{F791ED9E-FB91-4D16-BE34-60D94D922602}.Debug|Any CPU.ActiveCfg = Debug|Any CPU
		{F791ED9E-FB91-4D16-BE34-60D94D922602}.Debug|Any CPU.Build.0 = Debug|Any CPU
		{F791ED9E-FB91-4D16-BE34-60D94D922602}.Release|Any CPU.ActiveCfg = Release|Any CPU
		{F791ED9E-FB91-4D16-BE34-60D94D922602}.Release|Any CPU.Build.0 = Release|Any CPU
		{8884EB70-902D-4A8E-A151-F5957C4BEFE8}.Debug|Any CPU.ActiveCfg = Debug|Any CPU
		{8884EB70-902D-4A8E-A151-F5957C4BEFE8}.Debug|Any CPU.Build.0 = Debug|Any CPU
		{8884EB70-902D-4A8E-A151-F5957C4BEFE8}.Release|Any CPU.ActiveCfg = Release|Any CPU
		{8884EB70-902D-4A8E-A151-F5957C4BEFE8}.Release|Any CPU.Build.0 = Release|Any CPU
	EndGlobalSection
	GlobalSection(SolutionProperties) = preSolution
		HideSolutionNode = FALSE
	EndGlobalSection
EndGlobal
