
Microsoft Visual Studio Solution File, Format Version 10.00
# Visual Studio 2008
Project("{FAE04EC0-301F-11D3-BF4B-00C04F79EFBC}") = "Oberon-0", "Oberon-0\Oberon-0.csproj", "{8A173657-323F-404D-BD13-E2D6C17A6497}"
EndProject
Project("{FAE04EC0-301F-11D3-BF4B-00C04F79EFBC}") = "Oberon-0.Tests", "Oberon-0.Tests\Oberon-0.Tests.csproj", "{426147D9-8353-46C9-8046-3591FA125C9B}"
EndProject
Global
	GlobalSection(SolutionConfigurationPlatforms) = preSolution
		Debug|Any CPU = Debug|Any CPU
		Release|Any CPU = Release|Any CPU
	EndGlobalSection
	GlobalSection(ProjectConfigurationPlatforms) = postSolution
		{8A173657-323F-404D-BD13-E2D6C17A6497}.Debug|Any CPU.ActiveCfg = Debug|Any CPU
		{8A173657-323F-404D-BD13-E2D6C17A6497}.Debug|Any CPU.Build.0 = Debug|Any CPU
		{8A173657-323F-404D-BD13-E2D6C17A6497}.Release|Any CPU.ActiveCfg = Release|Any CPU
		{8A173657-323F-404D-BD13-E2D6C17A6497}.Release|Any CPU.Build.0 = Release|Any CPU
		{426147D9-8353-46C9-8046-3591FA125C9B}.Debug|Any CPU.ActiveCfg = Debug|Any CPU
		{426147D9-8353-46C9-8046-3591FA125C9B}.Debug|Any CPU.Build.0 = Debug|Any CPU
		{426147D9-8353-46C9-8046-3591FA125C9B}.Release|Any CPU.ActiveCfg = Release|Any CPU
		{426147D9-8353-46C9-8046-3591FA125C9B}.Release|Any CPU.Build.0 = Release|Any CPU
	EndGlobalSection
	GlobalSection(SolutionProperties) = preSolution
		HideSolutionNode = FALSE
	EndGlobalSection
EndGlobal
